{
  "dependencies": {
    "mailcomposer": {
      "version": "0.2.11",
      "resolved": "https://registry.npmjs.org/mailcomposer/-/mailcomposer-0.2.11.tgz",
      "from": "https://registry.npmjs.org/mailcomposer/-/mailcomposer-0.2.11.tgz",
      "dependencies": {
        "dkim-signer": {
          "version": "0.1.2",
          "resolved": "https://registry.npmjs.org/dkim-signer/-/dkim-signer-0.1.2.tgz",
          "from": "https://registry.npmjs.org/dkim-signer/-/dkim-signer-0.1.2.tgz"
        },
        "follow-redirects": {
          "version": "0.0.3",
          "resolved": "https://registry.npmjs.org/follow-redirects/-/follow-redirects-0.0.3.tgz",
          "from": "https://registry.npmjs.org/follow-redirects/-/follow-redirects-0.0.3.tgz",
          "dependencies": {
            "underscore": {
              "version": "1.6.0",
              "resolved": "https://registry.npmjs.org/underscore/-/underscore-1.6.0.tgz",
              "from": "https://registry.npmjs.org/underscore/-/underscore-1.6.0.tgz"
            }
          }
        },
        "he": {
          "version": "0.3.6",
          "resolved": "https://registry.npmjs.org/he/-/he-0.3.6.tgz",
          "from": "https://registry.npmjs.org/he/-/he-0.3.6.tgz"
        },
        "mime": {
          "version": "1.2.11",
          "resolved": "https://registry.npmjs.org/mime/-/mime-1.2.11.tgz",
          "from": "https://registry.npmjs.org/mime/-/mime-1.2.11.tgz"
        },
        "mimelib": {
          "version": "0.2.16",
          "resolved": "https://registry.npmjs.org/mimelib/-/mimelib-0.2.16.tgz",
          "from": "https://registry.npmjs.org/mimelib/-/mimelib-0.2.16.tgz",
          "dependencies": {
            "addressparser": {
              "version": "0.2.1",
              "resolved": "https://registry.npmjs.org/addressparser/-/addressparser-0.2.1.tgz",
              "from": "https://registry.npmjs.org/addressparser/-/addressparser-0.2.1.tgz"
            },
            "encoding": {
              "version": "0.1.7",
              "resolved": "https://registry.npmjs.org/encoding/-/encoding-0.1.7.tgz",
              "from": "https://registry.npmjs.org/encoding/-/encoding-0.1.7.tgz",
              "dependencies": {
                "iconv-lite": {
                  "version": "0.2.11",
                  "resolved": "https://registry.npmjs.org/iconv-lite/-/iconv-lite-0.2.11.tgz",
                  "from": "https://registry.npmjs.org/iconv-lite/-/iconv-lite-0.2.11.tgz"
                }
              }
            }
          }
        },
        "punycode": {
          "version": "1.2.4",
          "resolved": "https://registry.npmjs.org/punycode/-/punycode-1.2.4.tgz",
          "from": "https://registry.npmjs.org/punycode/-/punycode-1.2.4.tgz"
        }
      }
    },
    "mailparser": {
      "version": "0.4.2",
      "resolved": "https://registry.npmjs.org/mailparser/-/mailparser-0.4.2.tgz",
      "from": "https://registry.npmjs.org/mailparser/-/mailparser-0.4.2.tgz",
      "dependencies": {
        "encoding": {
          "version": "0.1.7",
          "resolved": "https://registry.npmjs.org/encoding/-/encoding-0.1.7.tgz",
          "from": "https://registry.npmjs.org/encoding/-/encoding-0.1.7.tgz",
          "dependencies": {
            "iconv-lite": {
              "version": "0.2.11",
              "resolved": "https://registry.npmjs.org/iconv-lite/-/iconv-lite-0.2.11.tgz",
              "from": "https://registry.npmjs.org/iconv-lite/-/iconv-lite-0.2.11.tgz"
            }
          }
        },
        "mime": {
          "version": "1.2.11",
          "resolved": "https://registry.npmjs.org/mime/-/mime-1.2.11.tgz",
          "from": "https://registry.npmjs.org/mime/-/mime-1.2.11.tgz"
        },
        "mimelib": {
          "version": "0.2.16",
          "resolved": "https://registry.npmjs.org/mimelib/-/mimelib-0.2.16.tgz",
          "from": "https://registry.npmjs.org/mimelib/-/mimelib-0.2.16.tgz",
          "dependencies": {
            "addressparser": {
              "version": "0.2.1",
              "resolved": "https://registry.npmjs.org/addressparser/-/addressparser-0.2.1.tgz",
              "from": "https://registry.npmjs.org/addressparser/-/addressparser-0.2.1.tgz"
            }
          }
        }
      }
    },
    "mimelib": {
      "version": "0.2.14",
      "resolved": "https://registry.npmjs.org/mimelib/-/mimelib-0.2.14.tgz",
      "from": "https://registry.npmjs.org/mimelib/-/mimelib-0.2.14.tgz",
      "dependencies": {
        "addressparser": {
          "version": "0.2.1",
          "resolved": "https://registry.npmjs.org/addressparser/-/addressparser-0.2.1.tgz",
          "from": "https://registry.npmjs.org/addressparser/-/addressparser-0.2.1.tgz"
        },
        "encoding": {
          "version": "0.1.7",
          "resolved": "https://registry.npmjs.org/encoding/-/encoding-0.1.7.tgz",
          "from": "https://registry.npmjs.org/encoding/-/encoding-0.1.7.tgz",
          "dependencies": {
            "iconv-lite": {
              "version": "0.2.11",
              "resolved": "https://registry.npmjs.org/iconv-lite/-/iconv-lite-0.2.11.tgz",
              "from": "https://registry.npmjs.org/iconv-lite/-/iconv-lite-0.2.11.tgz"
            }
          }
        }
      }
    },
    "simplesmtp": {
      "version": "0.3.35",
      "resolved": "https://registry.npmjs.org/simplesmtp/-/simplesmtp-0.3.35.tgz",
      "from": "https://registry.npmjs.org/simplesmtp/-/simplesmtp-0.3.35.tgz",
      "dependencies": {
        "rai": {
          "version": "0.1.12",
          "resolved": "https://registry.npmjs.org/rai/-/rai-0.1.12.tgz",
          "from": "https://registry.npmjs.org/rai/-/rai-0.1.12.tgz"
        },
        "xoauth2": {
          "version": "0.1.8",
          "resolved": "https://registry.npmjs.org/xoauth2/-/xoauth2-0.1.8.tgz",
          "from": "https://registry.npmjs.org/xoauth2/-/xoauth2-0.1.8.tgz"
        }
      }
    }
  }
}
