{
  "dependencies": {
    "connect": {
      "version": "2.9.0",
      "resolved": "https://registry.npmjs.org/connect/-/connect-2.9.0.tgz",
      "from": "https://registry.npmjs.org/connect/-/connect-2.9.0.tgz",
      "dependencies": {
        "buffer-crc32": {
          "version": "0.2.1",
          "resolved": "https://registry.npmjs.org/buffer-crc32/-/buffer-crc32-0.2.1.tgz",
          "from": "buffer-crc32@0.2.1"
        },
        "bytes": {
          "version": "0.2.0",
          "resolved": "https://registry.npmjs.org/bytes/-/bytes-0.2.0.tgz",
          "from": "https://registry.npmjs.org/bytes/-/bytes-0.2.0.tgz"
        },
        "cookie": {
          "version": "0.1.0",
          "resolved": "https://registry.npmjs.org/cookie/-/cookie-0.1.0.tgz",
          "from": "https://registry.npmjs.org/cookie/-/cookie-0.1.0.tgz"
        },
        "cookie-signature": {
          "version": "1.0.1",
          "resolved": "https://registry.npmjs.org/cookie-signature/-/cookie-signature-1.0.1.tgz",
          "from": "https://registry.npmjs.org/cookie-signature/-/cookie-signature-1.0.1.tgz"
        },
        "debug": {
          "version": "0.8.1",
          "resolved": "https://registry.npmjs.org/debug/-/debug-0.8.1.tgz",
          "from": "https://registry.npmjs.org/debug/-/debug-0.8.1.tgz"
        },
        "fresh": {
          "version": "0.2.0",
          "resolved": "https://registry.npmjs.org/fresh/-/fresh-0.2.0.tgz",
          "from": "https://registry.npmjs.org/fresh/-/fresh-0.2.0.tgz"
        },
        "methods": {
          "version": "0.0.1",
          "resolved": "https://registry.npmjs.org/methods/-/methods-0.0.1.tgz",
          "from": "https://registry.npmjs.org/methods/-/methods-0.0.1.tgz"
        },
        "multiparty": {
          "version": "2.1.8",
          "resolved": "https://registry.npmjs.org/multiparty/-/multiparty-2.1.8.tgz",
          "from": "https://registry.npmjs.org/multiparty/-/multiparty-2.1.8.tgz",
          "dependencies": {
            "readable-stream": {
              "version": "1.0.27-1",
              "resolved": "https://registry.npmjs.org/readable-stream/-/readable-stream-1.0.27-1.tgz",
              "from": "https://registry.npmjs.org/readable-stream/-/readable-stream-1.0.27-1.tgz",
              "dependencies": {
                "core-util-is": {
                  "version": "1.0.1",
                  "resolved": "https://registry.npmjs.org/core-util-is/-/core-util-is-1.0.1.tgz",
                  "from": "https://registry.npmjs.org/core-util-is/-/core-util-is-1.0.1.tgz"
                },
                "inherits": {
                  "version": "2.0.1",
                  "resolved": "https://registry.npmjs.org/inherits/-/inherits-2.0.1.tgz",
                  "from": "https://registry.npmjs.org/inherits/-/inherits-2.0.1.tgz"
                },
                "isarray": {
                  "version": "0.0.1",
                  "resolved": "https://registry.npmjs.org/isarray/-/isarray-0.0.1.tgz",
                  "from": "https://registry.npmjs.org/isarray/-/isarray-0.0.1.tgz"
                },
                "string_decoder": {
                  "version": "0.10.25-1",
                  "resolved": "https://registry.npmjs.org/string_decoder/-/string_decoder-0.10.25-1.tgz",
                  "from": "https://registry.npmjs.org/string_decoder/-/string_decoder-0.10.25-1.tgz"
                }
              }
            },
            "stream-counter": {
              "version": "0.1.0",
              "resolved": "https://registry.npmjs.org/stream-counter/-/stream-counter-0.1.0.tgz",
              "from": "https://registry.npmjs.org/stream-counter/-/stream-counter-0.1.0.tgz",
              "dependencies": {
                "readable-stream": {
                  "version": "1.0.33",
                  "resolved": "https://registry.npmjs.org/readable-stream/-/readable-stream-1.0.33.tgz",
                  "from": "https://registry.npmjs.org/readable-stream/-/readable-stream-1.0.33.tgz",
                  "dependencies": {
                    "core-util-is": {
                      "version": "1.0.2",
                      "resolved": "https://registry.npmjs.org/core-util-is/-/core-util-is-1.0.2.tgz",
                      "from": "core-util-is@1.0.2"
                    },
                    "inherits": {
                      "version": "2.0.1",
                      "resolved": "https://registry.npmjs.org/inherits/-/inherits-2.0.1.tgz",
                      "from": "https://registry.npmjs.org/inherits/-/inherits-2.0.1.tgz"
                    },
                    "isarray": {
                      "version": "0.0.1",
                      "resolved": "https://registry.npmjs.org/isarray/-/isarray-0.0.1.tgz",
                      "from": "https://registry.npmjs.org/isarray/-/isarray-0.0.1.tgz"
                    },
                    "string_decoder": {
                      "version": "0.10.31",
                      "resolved": "https://registry.npmjs.org/string_decoder/-/string_decoder-0.10.31.tgz",
                      "from": "https://registry.npmjs.org/string_decoder/-/string_decoder-0.10.31.tgz"
                    }
                  }
                }
              }
            }
          }
        },
        "pause": {
          "version": "0.0.1",
          "resolved": "https://registry.npmjs.org/pause/-/pause-0.0.1.tgz",
          "from": "https://registry.npmjs.org/pause/-/pause-0.0.1.tgz"
        },
        "qs": {
          "version": "0.6.5",
          "resolved": "https://registry.npmjs.org/qs/-/qs-0.6.5.tgz",
          "from": "https://registry.npmjs.org/qs/-/qs-0.6.5.tgz"
        },
        "send": {
          "version": "0.1.4",
          "resolved": "https://registry.npmjs.org/send/-/send-0.1.4.tgz",
          "from": "https://registry.npmjs.org/send/-/send-0.1.4.tgz",
          "dependencies": {
            "mime": {
              "version": "1.2.11",
              "resolved": "https://registry.npmjs.org/mime/-/mime-1.2.11.tgz",
              "from": "https://registry.npmjs.org/mime/-/mime-1.2.11.tgz"
            },
            "range-parser": {
              "version": "0.0.4",
              "resolved": "https://registry.npmjs.org/range-parser/-/range-parser-0.0.4.tgz",
              "from": "https://registry.npmjs.org/range-parser/-/range-parser-0.0.4.tgz"
            }
          }
        },
        "uid2": {
          "version": "0.0.2",
          "resolved": "https://registry.npmjs.org/uid2/-/uid2-0.0.2.tgz",
          "from": "https://registry.npmjs.org/uid2/-/uid2-0.0.2.tgz"
        }
      }
    }
  }
}
