{
  "dependencies": {
    "connect": {
      "version": "2.7.10",
      "resolved": "https://registry.npmjs.org/connect/-/connect-2.7.10.tgz",
      "from": "https://registry.npmjs.org/connect/-/connect-2.7.10.tgz",
      "dependencies": {
        "buffer-crc32": {
          "version": "0.2.1",
          "resolved": "https://registry.npmjs.org/buffer-crc32/-/buffer-crc32-0.2.1.tgz",
          "from": "https://registry.npmjs.org/buffer-crc32/-/buffer-crc32-0.2.1.tgz"
        },
        "bytes": {
          "version": "0.2.0",
          "resolved": "https://registry.npmjs.org/bytes/-/bytes-0.2.0.tgz",
          "from": "https://registry.npmjs.org/bytes/-/bytes-0.2.0.tgz"
        },
        "cookie": {
          "version": "0.0.5",
          "resolved": "https://registry.npmjs.org/cookie/-/cookie-0.0.5.tgz",
          "from": "https://registry.npmjs.org/cookie/-/cookie-0.0.5.tgz"
        },
        "cookie-signature": {
          "version": "1.0.1",
          "resolved": "https://registry.npmjs.org/cookie-signature/-/cookie-signature-1.0.1.tgz",
          "from": "https://registry.npmjs.org/cookie-signature/-/cookie-signature-1.0.1.tgz"
        },
        "debug": {
          "version": "0.7.4",
          "resolved": "https://registry.npmjs.org/debug/-/debug-0.7.4.tgz",
          "from": "https://registry.npmjs.org/debug/-/debug-0.7.4.tgz"
        },
        "formidable": {
          "version": "1.0.14",
          "resolved": "https://registry.npmjs.org/formidable/-/formidable-1.0.14.tgz",
          "from": "https://registry.npmjs.org/formidable/-/formidable-1.0.14.tgz"
        },
        "fresh": {
          "version": "0.1.0",
          "resolved": "https://registry.npmjs.org/fresh/-/fresh-0.1.0.tgz",
          "from": "https://registry.npmjs.org/fresh/-/fresh-0.1.0.tgz"
        },
        "pause": {
          "version": "0.0.1",
          "resolved": "https://registry.npmjs.org/pause/-/pause-0.0.1.tgz",
          "from": "https://registry.npmjs.org/pause/-/pause-0.0.1.tgz"
        },
        "qs": {
          "version": "0.6.5",
          "resolved": "https://registry.npmjs.org/qs/-/qs-0.6.5.tgz",
          "from": "https://registry.npmjs.org/qs/-/qs-0.6.5.tgz"
        },
        "send": {
          "version": "0.1.0",
          "resolved": "https://registry.npmjs.org/send/-/send-0.1.0.tgz",
          "from": "https://registry.npmjs.org/send/-/send-0.1.0.tgz",
          "dependencies": {
            "mime": {
              "version": "1.2.6",
              "resolved": "https://registry.npmjs.org/mime/-/mime-1.2.6.tgz",
              "from": "https://registry.npmjs.org/mime/-/mime-1.2.6.tgz"
            },
            "range-parser": {
              "version": "0.0.4",
              "resolved": "https://registry.npmjs.org/range-parser/-/range-parser-0.0.4.tgz",
              "from": "https://registry.npmjs.org/range-parser/-/range-parser-0.0.4.tgz"
            }
          }
        }
      }
    },
    "xml-crypto": {
      "version": "0.0.20",
      "resolved": "https://registry.npmjs.org/xml-crypto/-/xml-crypto-0.0.20.tgz",
      "from": "https://registry.npmjs.org/xml-crypto/-/xml-crypto-0.0.20.tgz",
      "dependencies": {
        "xmldom": {
          "version": "0.1.16",
          "resolved": "https://registry.npmjs.org/xmldom/-/xmldom-0.1.16.tgz",
          "from": "https://registry.npmjs.org/xmldom/-/xmldom-0.1.16.tgz"
        },
        "xpath.js": {
          "version": "0.0.3",
          "resolved": "https://registry.npmjs.org/xpath.js/-/xpath.js-0.0.3.tgz",
          "from": "https://registry.npmjs.org/xpath.js/-/xpath.js-0.0.3.tgz"
        }
      }
    },
    "xml2js": {
      "version": "0.2.0",
      "resolved": "https://registry.npmjs.org/xml2js/-/xml2js-0.2.0.tgz",
      "from": "https://registry.npmjs.org/xml2js/-/xml2js-0.2.0.tgz",
      "dependencies": {
        "sax": {
          "version": "0.5.5",
          "resolved": "https://registry.npmjs.org/sax/-/sax-0.5.5.tgz",
          "from": "https://registry.npmjs.org/sax/-/sax-0.5.5.tgz"
        }
      }
    },
    "xmlbuilder": {
      "version": "8.2.2",
      "resolved": "https://registry.npmjs.org/xmlbuilder/-/xmlbuilder-8.2.2.tgz",
      "from": "xmlbuilder@8.2.2"
    },
    "xmldom": {
      "version": "0.1.6",
      "resolved": "https://registry.npmjs.org/xmldom/-/xmldom-0.1.6.tgz",
      "from": "https://registry.npmjs.org/xmldom/-/xmldom-0.1.6.tgz"
    }
  }
}
