{
  "dependencies": {
    "xml-crypto": {
      "version": "0.0.20",
      "resolved": "https://registry.npmjs.org/xml-crypto/-/xml-crypto-0.0.20.tgz",
      "from": "https://registry.npmjs.org/xml-crypto/-/xml-crypto-0.0.20.tgz",
      "dependencies": {
        "xmldom": {
          "version": "0.1.16",
          "resolved": "https://registry.npmjs.org/xmldom/-/xmldom-0.1.16.tgz",
          "from": "https://registry.npmjs.org/xmldom/-/xmldom-0.1.16.tgz"
        },
        "xpath.js": {
          "version": "0.0.3",
          "resolved": "https://registry.npmjs.org/xpath.js/-/xpath.js-0.0.3.tgz",
          "from": "https://registry.npmjs.org/xpath.js/-/xpath.js-0.0.3.tgz"
        }
      }
    },
    "xml2js": {
      "version": "0.2.0",
      "resolved": "https://registry.npmjs.org/xml2js/-/xml2js-0.2.0.tgz",
      "from": "https://registry.npmjs.org/xml2js/-/xml2js-0.2.0.tgz",
      "dependencies": {
        "sax": {
          "version": "0.5.5",
          "resolved": "https://registry.npmjs.org/sax/-/sax-0.5.5.tgz",
          "from": "https://registry.npmjs.org/sax/-/sax-0.5.5.tgz"
        }
      }
    },
    "xmlbuilder": {
      "version": "8.2.2",
      "resolved": "https://registry.npmjs.org/xmlbuilder/-/xmlbuilder-8.2.2.tgz",
      "from": "https://registry.npmjs.org/xmlbuilder/-/xmlbuilder-8.2.2.tgz"
    },
    "xmldom": {
      "version": "0.1.6",
      "resolved": "https://registry.npmjs.org/xmldom/-/xmldom-0.1.6.tgz",
      "from": "https://registry.npmjs.org/xmldom/-/xmldom-0.1.6.tgz"
    }
  }
}
